// !$*UTF8*$!
{
	archiveVersion = 1;
	classes = {
	};
	objectVersion = 56;
	objects = {

/* Begin PBXBuildFile section */
		BAB5FAF02C4194250065A968 /* GitHubDemoApp.swift in Sources */ = {isa = PBXBuildFile; fileRef = BAB5FAEF2C4194250065A968 /* GitHubDemoApp.swift */; };
		BAB5FAF42C4194270065A968 /* Assets.xcassets in Resources */ = {isa = PBXBuildFile; fileRef = BAB5FAF32C4194270065A968 /* Assets.xcassets */; };
		BAB5FAF72C4194270065A968 /* Preview Assets.xcassets in Resources */ = {isa = PBXBuildFile; fileRef = BAB5FAF62C4194270065A968 /* Preview Assets.xcassets */; };
		BAB5FB012C4194270065A968 /* GitHubDemoTests.swift in Sources */ = {isa = PBXBuildFile; fileRef = BAB5FB002C4194270065A968 /* GitHubDemoTests.swift */; };
		BAB5FB0B2C4194270065A968 /* GitHubDemoUITests.swift in Sources */ = {isa = PBXBuildFile; fileRef = BAB5FB0A2C4194270065A968 /* GitHubDemoUITests.swift */; };
		BAB5FB0D2C4194270065A968 /* GitHubDemoUITestsLaunchTests.swift in Sources */ = {isa = PBXBuildFile; fileRef = BAB5FB0C2C4194270065A968 /* GitHubDemoUITestsLaunchTests.swift */; };
		BAB5FB1B2C4194780065A968 /* ContentView.swift in Sources */ = {isa = PBXBuildFile; fileRef = BAB5FB1A2C4194780065A968 /* ContentView.swift */; };
		BAB5FB1D2C4194CA0065A968 /* SwiftUIView.swift in Sources */ = {isa = PBXBuildFile; fileRef = BAB5FB1C2C4194CA0065A968 /* SwiftUIView.swift */; };
		BAB5FB1F2C4194F60065A968 /* WebView.swift in Sources */ = {isa = PBXBuildFile; fileRef = BAB5FB1E2C4194F60065A968 /* WebView.swift */; };
		BAB5FB222C4195220065A968 /* User.swift in Sources */ = {isa = PBXBuildFile; fileRef = BAB5FB212C4195220065A968 /* User.swift */; };
		BAB5FB252C4195550065A968 /* UserViewModel.swift in Sources */ = {isa = PBXBuildFile; fileRef = BAB5FB242C4195550065A968 /* UserViewModel.swift */; };
/* End PBXBuildFile section */

/* Begin PBXContainerItemProxy section */
		BAB5FAFD2C4194270065A968 /* PBXContainerItemProxy */ = {
			isa = PBXContainerItemProxy;
			containerPortal = BAB5FAE42C4194250065A968 /* Project object */;
			proxyType = 1;
			remoteGlobalIDString = BAB5FAEB2C4194250065A968;
			remoteInfo = GitHubDemo;
		};
		BAB5FB072C4194270065A968 /* PBXContainerItemProxy */ = {
			isa = PBXContainerItemProxy;
			containerPortal = BAB5FAE42C4194250065A968 /* Project object */;
			proxyType = 1;
			remoteGlobalIDString = BAB5FAEB2C4194250065A968;
			remoteInfo = GitHubDemo;
		};
/* End PBXContainerItemProxy section */

/* Begin PBXFileReference section */
		BAB5FAEC2C4194250065A968 /* GitHubDemo.app */ = {isa = PBXFileReference; explicitFileType = wrapper.application; includeInIndex = 0; path = GitHubDemo.app; sourceTree = BUILT_PRODUCTS_DIR; };
		BAB5FAEF2C4194250065A968 /* GitHubDemoApp.swift */ = {isa = PBXFileReference; lastKnownFileType = sourcecode.swift; path = GitHubDemoApp.swift; sourceTree = "<group>"; };
		BAB5FAF32C4194270065A968 /* Assets.xcassets */ = {isa = PBXFileReference; lastKnownFileType = folder.assetcatalog; path = Assets.xcassets; sourceTree = "<group>"; };
		BAB5FAF62C4194270065A968 /* Preview Assets.xcassets */ = {isa = PBXFileReference; lastKnownFileType = folder.assetcatalog; path = "Preview Assets.xcassets"; sourceTree = "<group>"; };
		BAB5FAFC2C4194270065A968 /* GitHubDemoTests.xctest */ = {isa = PBXFileReference; explicitFileType = wrapper.cfbundle; includeInIndex = 0; path = GitHubDemoTests.xctest; sourceTree = BUILT_PRODUCTS_DIR; };
		BAB5FB002C4194270065A968 /* GitHubDemoTests.swift */ = {isa = PBXFileReference; lastKnownFileType = sourcecode.swift; path = GitHubDemoTests.swift; sourceTree = "<group>"; };
		BAB5FB062C4194270065A968 /* GitHubDemoUITests.xctest */ = {isa = PBXFileReference; explicitFileType = wrapper.cfbundle; includeInIndex = 0; path = GitHubDemoUITests.xctest; sourceTree = BUILT_PRODUCTS_DIR; };
		BAB5FB0A2C4194270065A968 /* GitHubDemoUITests.swift */ = {isa = PBXFileReference; lastKnownFileType = sourcecode.swift; path = GitHubDemoUITests.swift; sourceTree = "<group>"; };
		BAB5FB0C2C4194270065A968 /* GitHubDemoUITestsLaunchTests.swift */ = {isa = PBXFileReference; lastKnownFileType = sourcecode.swift; path = GitHubDemoUITestsLaunchTests.swift; sourceTree = "<group>"; };
		BAB5FB1A2C4194780065A968 /* ContentView.swift */ = {isa = PBXFileReference; lastKnownFileType = sourcecode.swift; path = ContentView.swift; sourceTree = "<group>"; };
		BAB5FB1C2C4194CA0065A968 /* SwiftUIView.swift */ = {isa = PBXFileReference; lastKnownFileType = sourcecode.swift; path = SwiftUIView.swift; sourceTree = "<group>"; };
		BAB5FB1E2C4194F60065A968 /* WebView.swift */ = {isa = PBXFileReference; lastKnownFileType = sourcecode.swift; path = WebView.swift; sourceTree = "<group>"; };
		BAB5FB212C4195220065A968 /* User.swift */ = {isa = PBXFileReference; lastKnownFileType = sourcecode.swift; path = User.swift; sourceTree = "<group>"; };
		BAB5FB242C4195550065A968 /* UserViewModel.swift */ = {isa = PBXFileReference; lastKnownFileType = sourcecode.swift; path = UserViewModel.swift; sourceTree = "<group>"; };
/* End PBXFileReference section */

/* Begin PBXFrameworksBuildPhase section */
		BAB5FAE92C4194250065A968 /* Frameworks */ = {
			isa = PBXFrameworksBuildPhase;
			buildActionMask = 2147483647;
			files = (
			);
			runOnlyForDeploymentPostprocessing = 0;
		};
		BAB5FAF92C4194270065A968 /* Frameworks */ = {
			isa = PBXFrameworksBuildPhase;
			buildActionMask = 2147483647;
			files = (
			);
			runOnlyForDeploymentPostprocessing = 0;
		};
		BAB5FB032C4194270065A968 /* Frameworks */ = {
			isa = PBXFrameworksBuildPhase;
			buildActionMask = 2147483647;
			files = (
			);
			runOnlyForDeploymentPostprocessing = 0;
		};
/* End PBXFrameworksBuildPhase section */

/* Begin PBXGroup section */
		BAB5FAE32C4194250065A968 = {
			isa = PBXGroup;
			children = (
				BAB5FAEE2C4194250065A968 /* GitHubDemo */,
				BAB5FAFF2C4194270065A968 /* GitHubDemoTests */,
				BAB5FB092C4194270065A968 /* GitHubDemoUITests */,
				BAB5FAED2C4194250065A968 /* Products */,
			);
			sourceTree = "<group>";
		};
		BAB5FAED2C4194250065A968 /* Products */ = {
			isa = PBXGroup;
			children = (
				BAB5FAEC2C4194250065A968 /* GitHubDemo.app */,
				BAB5FAFC2C4194270065A968 /* GitHubDemoTests.xctest */,
				BAB5FB062C4194270065A968 /* GitHubDemoUITests.xctest */,
			);
			name = Products;
			sourceTree = "<group>";
		};
		BAB5FAEE2C4194250065A968 /* GitHubDemo */ = {
			isa = PBXGroup;
			children = (
				BAB5FB192C4194560065A968 /* View */,
				BAB5FB202C41950C0065A968 /* Model */,
				BAB5FB232C4195340065A968 /* ViewModel */,
				BAB5FAEF2C4194250065A968 /* GitHubDemoApp.swift */,
				BAB5FAF32C4194270065A968 /* Assets.xcassets */,
				BAB5FAF52C4194270065A968 /* Preview Content */,
			);
			path = GitHubDemo;
			sourceTree = "<group>";
		};
		BAB5FAF52C4194270065A968 /* Preview Content */ = {
			isa = PBXGroup;
			children = (
				BAB5FAF62C4194270065A968 /* Preview Assets.xcassets */,
			);
			path = "Preview Content";
			sourceTree = "<group>";
		};
		BAB5FAFF2C4194270065A968 /* GitHubDemoTests */ = {
			isa = PBXGroup;
			children = (
				BAB5FB002C4194270065A968 /* GitHubDemoTests.swift */,
			);
			path = GitHubDemoTests;
			sourceTree = "<group>";
		};
		BAB5FB092C4194270065A968 /* GitHubDemoUITests */ = {
			isa = PBXGroup;
			children = (
				BAB5FB0A2C4194270065A968 /* GitHubDemoUITests.swift */,
				BAB5FB0C2C4194270065A968 /* GitHubDemoUITestsLaunchTests.swift */,
			);
			path = GitHubDemoUITests;
			sourceTree = "<group>";
		};
		BAB5FB192C4194560065A968 /* View */ = {
			isa = PBXGroup;
			children = (
				BAB5FB1A2C4194780065A968 /* ContentView.swift */,
				BAB5FB1C2C4194CA0065A968 /* SwiftUIView.swift */,
				BAB5FB1E2C4194F60065A968 /* WebView.swift */,
			);
			path = View;
			sourceTree = "<group>";
		};
		BAB5FB202C41950C0065A968 /* Model */ = {
			isa = PBXGroup;
			children = (
				BAB5FB212C4195220065A968 /* User.swift */,
			);
			path = Model;
			sourceTree = "<group>";
		};
		BAB5FB232C4195340065A968 /* ViewModel */ = {
			isa = PBXGroup;
			children = (
				BAB5FB242C4195550065A968 /* UserViewModel.swift */,
			);
			path = ViewModel;
			sourceTree = "<group>";
		};
/* End PBXGroup section */

/* Begin PBXNativeTarget section */
		BAB5FAEB2C4194250065A968 /* GitHubDemo */ = {
			isa = PBXNativeTarget;
			buildConfigurationList = BAB5FB102C4194270065A968 /* Build configuration list for PBXNativeTarget "GitHubDemo" */;
			buildPhases = (
				BAB5FAE82C4194250065A968 /* Sources */,
				BAB5FAE92C4194250065A968 /* Frameworks */,
				BAB5FAEA2C4194250065A968 /* Resources */,
			);
			buildRules = (
			);
			dependencies = (
			);
			name = GitHubDemo;
			productName = GitHubDemo;
			productReference = BAB5FAEC2C4194250065A968 /* GitHubDemo.app */;
			productType = "com.apple.product-type.application";
		};
		BAB5FAFB2C4194270065A968 /* GitHubDemoTests */ = {
			isa = PBXNativeTarget;
			buildConfigurationList = BAB5FB132C4194270065A968 /* Build configuration list for PBXNativeTarget "GitHubDemoTests" */;
			buildPhases = (
				BAB5FAF82C4194270065A968 /* Sources */,
				BAB5FAF92C4194270065A968 /* Frameworks */,
				BAB5FAFA2C4194270065A968 /* Resources */,
			);
			buildRules = (
			);
			dependencies = (
				BAB5FAFE2C4194270065A968 /* PBXTargetDependency */,
			);
			name = GitHubDemoTests;
			productName = GitHubDemoTests;
			productReference = BAB5FAFC2C4194270065A968 /* GitHubDemoTests.xctest */;
			productType = "com.apple.product-type.bundle.unit-test";
		};
		BAB5FB052C4194270065A968 /* GitHubDemoUITests */ = {
			isa = PBXNativeTarget;
			buildConfigurationList = BAB5FB162C4194270065A968 /* Build configuration list for PBXNativeTarget "GitHubDemoUITests" */;
			buildPhases = (
				BAB5FB022C4194270065A968 /* Sources */,
				BAB5FB032C4194270065A968 /* Frameworks */,
				BAB5FB042C4194270065A968 /* Resources */,
			);
			buildRules = (
			);
			dependencies = (
				BAB5FB082C4194270065A968 /* PBXTargetDependency */,
			);
			name = GitHubDemoUITests;
			productName = GitHubDemoUITests;
			productReference = BAB5FB062C4194270065A968 /* GitHubDemoUITests.xctest */;
			productType = "com.apple.product-type.bundle.ui-testing";
		};
/* End PBXNativeTarget section */

/* Begin PBXProject section */
		BAB5FAE42C4194250065A968 /* Project object */ = {
			isa = PBXProject;
			attributes = {
				BuildIndependentTargetsInParallel = 1;
				LastSwiftUpdateCheck = 1540;
				LastUpgradeCheck = 1540;
				TargetAttributes = {
					BAB5FAEB2C4194250065A968 = {
						CreatedOnToolsVersion = 15.4;
					};
					BAB5FAFB2C4194270065A968 = {
						CreatedOnToolsVersion = 15.4;
						TestTargetID = BAB5FAEB2C4194250065A968;
					};
					BAB5FB052C4194270065A968 = {
						CreatedOnToolsVersion = 15.4;
						TestTargetID = BAB5FAEB2C4194250065A968;
					};
				};
			};
			buildConfigurationList = BAB5FAE72C4194250065A968 /* Build configuration list for PBXProject "GitHubDemo" */;
			compatibilityVersion = "Xcode 14.0";
			developmentRegion = en;
			hasScannedForEncodings = 0;
			knownRegions = (
				en,
				Base,
			);
			mainGroup = BAB5FAE32C4194250065A968;
			productRefGroup = BAB5FAED2C4194250065A968 /* Products */;
			projectDirPath = "";
			projectRoot = "";
			targets = (
				BAB5FAEB2C4194250065A968 /* GitHubDemo */,
				BAB5FAFB2C4194270065A968 /* GitHubDemoTests */,
				BAB5FB052C4194270065A968 /* GitHubDemoUITests */,
			);
		};
/* End PBXProject section */

/* Begin PBXResourcesBuildPhase section */
		BAB5FAEA2C4194250065A968 /* Resources */ = {
			isa = PBXResourcesBuildPhase;
			buildActionMask = 2147483647;
			files = (
				BAB5FAF72C4194270065A968 /* Preview Assets.xcassets in Resources */,
				BAB5FAF42C4194270065A968 /* Assets.xcassets in Resources */,
			);
			runOnlyForDeploymentPostprocessing = 0;
		};
		BAB5FAFA2C4194270065A968 /* Resources */ = {
			isa = PBXResourcesBuildPhase;
			buildActionMask = 2147483647;
			files = (
			);
			runOnlyForDeploymentPostprocessing = 0;
		};
		BAB5FB042C4194270065A968 /* Resources */ = {
			isa = PBXResourcesBuildPhase;
			buildActionMask = 2147483647;
			files = (
			);
			runOnlyForDeploymentPostprocessing = 0;
		};
/* End PBXResourcesBuildPhase section */

/* Begin PBXSourcesBuildPhase section */
		BAB5FAE82C4194250065A968 /* Sources */ = {
			isa = PBXSourcesBuildPhase;
			buildActionMask = 2147483647;
			files = (
				BAB5FB1F2C4194F60065A968 /* WebView.swift in Sources */,
				BAB5FB222C4195220065A968 /* User.swift in Sources */,
				BAB5FAF02C4194250065A968 /* GitHubDemoApp.swift in Sources */,
				BAB5FB1D2C4194CA0065A968 /* SwiftUIView.swift in Sources */,
				BAB5FB252C4195550065A968 /* UserViewModel.swift in Sources */,
				BAB5FB1B2C4194780065A968 /* ContentView.swift in Sources */,
			);
			runOnlyForDeploymentPostprocessing = 0;
		};
		BAB5FAF82C4194270065A968 /* Sources */ = {
			isa = PBXSourcesBuildPhase;
			buildActionMask = 2147483647;
			files = (
				BAB5FB012C4194270065A968 /* GitHubDemoTests.swift in Sources */,
			);
			runOnlyForDeploymentPostprocessing = 0;
		};
		BAB5FB022C4194270065A968 /* Sources */ = {
			isa = PBXSourcesBuildPhase;
			buildActionMask = 2147483647;
			files = (
				BAB5FB0D2C4194270065A968 /* GitHubDemoUITestsLaunchTests.swift in Sources */,
				BAB5FB0B2C4194270065A968 /* GitHubDemoUITests.swift in Sources */,
			);
			runOnlyForDeploymentPostprocessing = 0;
		};
/* End PBXSourcesBuildPhase section */

/* Begin PBXTargetDependency section */
		BAB5FAFE2C4194270065A968 /* PBXTargetDependency */ = {
			isa = PBXTargetDependency;
			target = BAB5FAEB2C4194250065A968 /* GitHubDemo */;
			targetProxy = BAB5FAFD2C4194270065A968 /* PBXContainerItemProxy */;
		};
		BAB5FB082C4194270065A968 /* PBXTargetDependency */ = {
			isa = PBXTargetDependency;
			target = BAB5FAEB2C4194250065A968 /* GitHubDemo */;
			targetProxy = BAB5FB072C4194270065A968 /* PBXContainerItemProxy */;
		};
/* End PBXTargetDependency section */

/* Begin XCBuildConfiguration section */
		BAB5FB0E2C4194270065A968 /* Debug */ = {
			isa = XCBuildConfiguration;
			buildSettings = {
				ALWAYS_SEARCH_USER_PATHS = NO;
				ASSETCATALOG_COMPILER_GENERATE_SWIFT_ASSET_SYMBOL_EXTENSIONS = YES;
				CLANG_ANALYZER_NONNULL = YES;
				CLANG_ANALYZER_NUMBER_OBJECT_CONVERSION = YES_AGGRESSIVE;
				CLANG_CXX_LANGUAGE_STANDARD = "gnu++20";
				CLANG_ENABLE_MODULES = YES;
				CLANG_ENABLE_OBJC_ARC = YES;
				CLANG_ENABLE_OBJC_WEAK = YES;
				CLANG_WARN_BLOCK_CAPTURE_AUTORELEASING = YES;
				CLANG_WARN_BOOL_CONVERSION = YES;
				CLANG_WARN_COMMA = YES;
				CLANG_WARN_CONSTANT_CONVERSION = YES;
				CLANG_WARN_DEPRECATED_OBJC_IMPLEMENTATIONS = YES;
				CLANG_WARN_DIRECT_OBJC_ISA_USAGE = YES_ERROR;
				CLANG_WARN_DOCUMENTATION_COMMENTS = YES;
				CLANG_WARN_EMPTY_BODY = YES;
				CLANG_WARN_ENUM_CONVERSION = YES;
				CLANG_WARN_INFINITE_RECURSION = YES;
				CLANG_WARN_INT_CONVERSION = YES;
				CLANG_WARN_NON_LITERAL_NULL_CONVERSION = YES;
				CLANG_WARN_OBJC_IMPLICIT_RETAIN_SELF = YES;
				CLANG_WARN_OBJC_LITERAL_CONVERSION = YES;
				CLANG_WARN_OBJC_ROOT_CLASS = YES_ERROR;
				CLANG_WARN_QUOTED_INCLUDE_IN_FRAMEWORK_HEADER = YES;
				CLANG_WARN_RANGE_LOOP_ANALYSIS = YES;
				CLANG_WARN_STRICT_PROTOTYPES = YES;
				CLANG_WARN_SUSPICIOUS_MOVE = YES;
				CLANG_WARN_UNGUARDED_AVAILABILITY = YES_AGGRESSIVE;
				CLANG_WARN_UNREACHABLE_CODE = YES;
				CLANG_WARN__DUPLICATE_METHOD_MATCH = YES;
				COPY_PHASE_STRIP = NO;
				DEBUG_INFORMATION_FORMAT = dwarf;
				ENABLE_STRICT_OBJC_MSGSEND = YES;
				ENABLE_TESTABILITY = YES;
				ENABLE_USER_SCRIPT_SANDBOXING = YES;
				GCC_C_LANGUAGE_STANDARD = gnu17;
				GCC_DYNAMIC_NO_PIC = NO;
				GCC_NO_COMMON_BLOCKS = YES;
				GCC_OPTIMIZATION_LEVEL = 0;
				GCC_PREPROCESSOR_DEFINITIONS = (
					"DEBUG=1",
					"$(inherited)",
				);
				GCC_WARN_64_TO_32_BIT_CONVERSION = YES;
				GCC_WARN_ABOUT_RETURN_TYPE = YES_ERROR;
				GCC_WARN_UNDECLARED_SELECTOR = YES;
				GCC_WARN_UNINITIALIZED_AUTOS = YES_AGGRESSIVE;
				GCC_WARN_UNUSED_FUNCTION = YES;
				GCC_WARN_UNUSED_VARIABLE = YES;
				IPHONEOS_DEPLOYMENT_TARGET = 17.5;
				LOCALIZATION_PREFERS_STRING_CATALOGS = YES;
				MTL_ENABLE_DEBUG_INFO = INCLUDE_SOURCE;
				MTL_FAST_MATH = YES;
				ONLY_ACTIVE_ARCH = YES;
				SDKROOT = iphoneos;
				SWIFT_ACTIVE_COMPILATION_CONDITIONS = "DEBUG $(inherited)";
				SWIFT_OPTIMIZATION_LEVEL = "-Onone";
			};
			name = Debug;
		};
		BAB5FB0F2C4194270065A968 /* Release */ = {
			isa = XCBuildConfiguration;
			buildSettings = {
				ALWAYS_SEARCH_USER_PATHS = NO;
				ASSETCATALOG_COMPILER_GENERATE_SWIFT_ASSET_SYMBOL_EXTENSIONS = YES;
				CLANG_ANALYZER_NONNULL = YES;
				CLANG_ANALYZER_NUMBER_OBJECT_CONVERSION = YES_AGGRESSIVE;
				CLANG_CXX_LANGUAGE_STANDARD = "gnu++20";
				CLANG_ENABLE_MODULES = YES;
				CLANG_ENABLE_OBJC_ARC = YES;
				CLANG_ENABLE_OBJC_WEAK = YES;
				CLANG_WARN_BLOCK_CAPTURE_AUTORELEASING = YES;
				CLANG_WARN_BOOL_CONVERSION = YES;
				CLANG_WARN_COMMA = YES;
				CLANG_WARN_CONSTANT_CONVERSION = YES;
				CLANG_WARN_DEPRECATED_OBJC_IMPLEMENTATIONS = YES;
				CLANG_WARN_DIRECT_OBJC_ISA_USAGE = YES_ERROR;
				CLANG_WARN_DOCUMENTATION_COMMENTS = YES;
				CLANG_WARN_EMPTY_BODY = YES;
				CLANG_WARN_ENUM_CONVERSION = YES;
				CLANG_WARN_INFINITE_RECURSION = YES;
				CLANG_WARN_INT_CONVERSION = YES;
				CLANG_WARN_NON_LITERAL_NULL_CONVERSION = YES;
				CLANG_WARN_OBJC_IMPLICIT_RETAIN_SELF = YES;
				CLANG_WARN_OBJC_LITERAL_CONVERSION = YES;
				CLANG_WARN_OBJC_ROOT_CLASS = YES_ERROR;
				CLANG_WARN_QUOTED_INCLUDE_IN_FRAMEWORK_HEADER = YES;
				CLANG_WARN_RANGE_LOOP_ANALYSIS = YES;
				CLANG_WARN_STRICT_PROTOTYPES = YES;
				CLANG_WARN_SUSPICIOUS_MOVE = YES;
				CLANG_WARN_UNGUARDED_AVAILABILITY = YES_AGGRESSIVE;
				CLANG_WARN_UNREACHABLE_CODE = YES;
				CLANG_WARN__DUPLICATE_METHOD_MATCH = YES;
				COPY_PHASE_STRIP = NO;
				DEBUG_INFORMATION_FORMAT = "dwarf-with-dsym";
				ENABLE_NS_ASSERTIONS = NO;
				ENABLE_STRICT_OBJC_MSGSEND = YES;
				ENABLE_USER_SCRIPT_SANDBOXING = YES;
				GCC_C_LANGUAGE_STANDARD = gnu17;
				GCC_NO_COMMON_BLOCKS = YES;
				GCC_WARN_64_TO_32_BIT_CONVERSION = YES;
				GCC_WARN_ABOUT_RETURN_TYPE = YES_ERROR;
				GCC_WARN_UNDECLARED_SELECTOR = YES;
				GCC_WARN_UNINITIALIZED_AUTOS = YES_AGGRESSIVE;
				GCC_WARN_UNUSED_FUNCTION = YES;
				GCC_WARN_UNUSED_VARIABLE = YES;
				IPHONEOS_DEPLOYMENT_TARGET = 17.5;
				LOCALIZATION_PREFERS_STRING_CATALOGS = YES;
				MTL_ENABLE_DEBUG_INFO = NO;
				MTL_FAST_MATH = YES;
				SDKROOT = iphoneos;
				SWIFT_COMPILATION_MODE = wholemodule;
				VALIDATE_PRODUCT = YES;
			};
			name = Release;
		};
		BAB5FB112C4194270065A968 /* Debug */ = {
			isa = XCBuildConfiguration;
			buildSettings = {
				ASSETCATALOG_COMPILER_APPICON_NAME = AppIcon;
				ASSETCATALOG_COMPILER_GLOBAL_ACCENT_COLOR_NAME = AccentColor;
				CODE_SIGN_STYLE = Automatic;
				CURRENT_PROJECT_VERSION = 1;
				DEVELOPMENT_ASSET_PATHS = "\"GitHubDemo/Preview Content\"";
				ENABLE_PREVIEWS = YES;
				GENERATE_INFOPLIST_FILE = YES;
				INFOPLIST_KEY_UIApplicationSceneManifest_Generation = YES;
				INFOPLIST_KEY_UIApplicationSupportsIndirectInputEvents = YES;
				INFOPLIST_KEY_UILaunchScreen_Generation = YES;
				INFOPLIST_KEY_UISupportedInterfaceOrientations_iPad = "UIInterfaceOrientationPortrait UIInterfaceOrientationPortraitUpsideDown UIInterfaceOrientationLandscapeLeft UIInterfaceOrientationLandscapeRight";
				INFOPLIST_KEY_UISupportedInterfaceOrientations_iPhone = "UIInterfaceOrientationPortrait UIInterfaceOrientationLandscapeLeft UIInterfaceOrientationLandscapeRight";
				LD_RUNPATH_SEARCH_PATHS = (
					"$(inherited)",
					"@executable_path/Frameworks",
				);
				MARKETING_VERSION = 1.0;
				PRODUCT_BUNDLE_IDENTIFIER = com.xfinity.simpsonsviewer.GitHubDemo;
				PRODUCT_NAME = "$(TARGET_NAME)";
				SWIFT_EMIT_LOC_STRINGS = YES;
				SWIFT_VERSION = 5.0;
				TARGETED_DEVICE_FAMILY = "1,2";
			};
			name = Debug;
		};
		BAB5FB122C4194270065A968 /* Release */ = {
			isa = XCBuildConfiguration;
			buildSettings = {
				ASSETCATALOG_COMPILER_APPICON_NAME = AppIcon;
				ASSETCATALOG_COMPILER_GLOBAL_ACCENT_COLOR_NAME = AccentColor;
				CODE_SIGN_STYLE = Automatic;
				CURRENT_PROJECT_VERSION = 1;
				DEVELOPMENT_ASSET_PATHS = "\"GitHubDemo/Preview Content\"";
				ENABLE_PREVIEWS = YES;
				GENERATE_INFOPLIST_FILE = YES;
				INFOPLIST_KEY_UIApplicationSceneManifest_Generation = YES;
				INFOPLIST_KEY_UIApplicationSupportsIndirectInputEvents = YES;
				INFOPLIST_KEY_UILaunchScreen_Generation = YES;
				INFOPLIST_KEY_UISupportedInterfaceOrientations_iPad = "UIInterfaceOrientationPortrait UIInterfaceOrientationPortraitUpsideDown UIInterfaceOrientationLandscapeLeft UIInterfaceOrientationLandscapeRight";
				INFOPLIST_KEY_UISupportedInterfaceOrientations_iPhone = "UIInterfaceOrientationPortrait UIInterfaceOrientationLandscapeLeft UIInterfaceOrientationLandscapeRight";
				LD_RUNPATH_SEARCH_PATHS = (
					"$(inherited)",
					"@executable_path/Frameworks",
				);
				MARKETING_VERSION = 1.0;
				PRODUCT_BUNDLE_IDENTIFIER = com.xfinity.simpsonsviewer.GitHubDemo;
				PRODUCT_NAME = "$(TARGET_NAME)";
				SWIFT_EMIT_LOC_STRINGS = YES;
				SWIFT_VERSION = 5.0;
				TARGETED_DEVICE_FAMILY = "1,2";
			};
			name = Release;
		};
		BAB5FB142C4194270065A968 /* Debug */ = {
			isa = XCBuildConfiguration;
			buildSettings = {
				ALWAYS_EMBED_SWIFT_STANDARD_LIBRARIES = YES;
				BUNDLE_LOADER = "$(TEST_HOST)";
				CODE_SIGN_STYLE = Automatic;
				CURRENT_PROJECT_VERSION = 1;
				GENERATE_INFOPLIST_FILE = YES;
				IPHONEOS_DEPLOYMENT_TARGET = 17.5;
				MARKETING_VERSION = 1.0;
				PRODUCT_BUNDLE_IDENTIFIER = com.xfinity.simpsonsviewer.GitHubDemoTests;
				PRODUCT_NAME = "$(TARGET_NAME)";
				SWIFT_EMIT_LOC_STRINGS = NO;
				SWIFT_VERSION = 5.0;
				TARGETED_DEVICE_FAMILY = "1,2";
				TEST_HOST = "$(BUILT_PRODUCTS_DIR)/GitHubDemo.app/$(BUNDLE_EXECUTABLE_FOLDER_PATH)/GitHubDemo";
			};
			name = Debug;
		};
		BAB5FB152C4194270065A968 /* Release */ = {
			isa = XCBuildConfiguration;
			buildSettings = {
				ALWAYS_EMBED_SWIFT_STANDARD_LIBRARIES = YES;
				BUNDLE_LOADER = "$(TEST_HOST)";
				CODE_SIGN_STYLE = Automatic;
				CURRENT_PROJECT_VERSION = 1;
				GENERATE_INFOPLIST_FILE = YES;
				IPHONEOS_DEPLOYMENT_TARGET = 17.5;
				MARKETING_VERSION = 1.0;
				PRODUCT_BUNDLE_IDENTIFIER = com.xfinity.simpsonsviewer.GitHubDemoTests;
				PRODUCT_NAME = "$(TARGET_NAME)";
				SWIFT_EMIT_LOC_STRINGS = NO;
				SWIFT_VERSION = 5.0;
				TARGETED_DEVICE_FAMILY = "1,2";
				TEST_HOST = "$(BUILT_PRODUCTS_DIR)/GitHubDemo.app/$(BUNDLE_EXECUTABLE_FOLDER_PATH)/GitHubDemo";
			};
			name = Release;
		};
		BAB5FB172C4194270065A968 /* Debug */ = {
			isa = XCBuildConfiguration;
			buildSettings = {
				ALWAYS_EMBED_SWIFT_STANDARD_LIBRARIES = YES;
				CODE_SIGN_STYLE = Automatic;
				CURRENT_PROJECT_VERSION = 1;
				GENERATE_INFOPLIST_FILE = YES;
				MARKETING_VERSION = 1.0;
				PRODUCT_BUNDLE_IDENTIFIER = com.xfinity.simpsonsviewer.GitHubDemoUITests;
				PRODUCT_NAME = "$(TARGET_NAME)";
				SWIFT_EMIT_LOC_STRINGS = NO;
				SWIFT_VERSION = 5.0;
				TARGETED_DEVICE_FAMILY = "1,2";
				TEST_TARGET_NAME = GitHubDemo;
			};
			name = Debug;
		};
		BAB5FB182C4194270065A968 /* Release */ = {
			isa = XCBuildConfiguration;
			buildSettings = {
				ALWAYS_EMBED_SWIFT_STANDARD_LIBRARIES = YES;
				CODE_SIGN_STYLE = Automatic;
				CURRENT_PROJECT_VERSION = 1;
				GENERATE_INFOPLIST_FILE = YES;
				MARKETING_VERSION = 1.0;
				PRODUCT_BUNDLE_IDENTIFIER = com.xfinity.simpsonsviewer.GitHubDemoUITests;
				PRODUCT_NAME = "$(TARGET_NAME)";
				SWIFT_EMIT_LOC_STRINGS = NO;
				SWIFT_VERSION = 5.0;
				TARGETED_DEVICE_FAMILY = "1,2";
				TEST_TARGET_NAME = GitHubDemo;
			};
			name = Release;
		};
/* End XCBuildConfiguration section */

/* Begin XCConfigurationList section */
		BAB5FAE72C4194250065A968 /* Build configuration list for PBXProject "GitHubDemo" */ = {
			isa = XCConfigurationList;
			buildConfigurations = (
				BAB5FB0E2C4194270065A968 /* Debug */,
				BAB5FB0F2C4194270065A968 /* Release */,
			);
			defaultConfigurationIsVisible = 0;
			defaultConfigurationName = Release;
		};
		BAB5FB102C4194270065A968 /* Build configuration list for PBXNativeTarget "GitHubDemo" */ = {
			isa = XCConfigurationList;
			buildConfigurations = (
				BAB5FB112C4194270065A968 /* Debug */,
				BAB5FB122C4194270065A968 /* Release */,
			);
			defaultConfigurationIsVisible = 0;
			defaultConfigurationName = Release;
		};
		BAB5FB132C4194270065A968 /* Build configuration list for PBXNativeTarget "GitHubDemoTests" */ = {
			isa = XCConfigurationList;
			buildConfigurations = (
				BAB5FB142C4194270065A968 /* Debug */,
				BAB5FB152C4194270065A968 /* Release */,
			);
			defaultConfigurationIsVisible = 0;
			defaultConfigurationName = Release;
		};
		BAB5FB162C4194270065A968 /* Build configuration list for PBXNativeTarget "GitHubDemoUITests" */ = {
			isa = XCConfigurationList;
			buildConfigurations = (
				BAB5FB172C4194270065A968 /* Debug */,
				BAB5FB182C4194270065A968 /* Release */,
			);
			defaultConfigurationIsVisible = 0;
			defaultConfigurationName = Release;
		};
/* End XCConfigurationList section */
	};
	rootObject = BAB5FAE42C4194250065A968 /* Project object */;
}
